
Microsoft Visual Studio Solution File, Format Version 12.00
# Visual Studio Version 17
VisualStudioVersion = 17.4.33213.308
MinimumVisualStudioVersion = 10.0.40219.1
Project("{9A19103F-16F7-4668-BE54-9A1E7A4F7556}") = "Demo webshop", "Demo webshop\Demo webshop.csproj", "{23F90F49-0F60-488F-BE2D-611DC15B078C}"
EndProject
Project("{9A19103F-16F7-4668-BE54-9A1E7A4F7556}") = "DemoWebShopTests", "DemoWebShopTests\DemoWebShopTests.csproj", "{69DC4036-C064-4CC5-9AD3-6E0762B3ECDE}"
EndProject
Global
	GlobalSection(SolutionConfigurationPlatforms) = preSolution
		Debug|Any CPU = Debug|Any CPU
		Release|Any CPU = Release|Any CPU
	EndGlobalSection
	GlobalSection(ProjectConfigurationPlatforms) = postSolution
		{23F90F49-0F60-488F-BE2D-611DC15B078C}.Debug|Any CPU.ActiveCfg = Debug|Any CPU
		{23F90F49-0F60-488F-BE2D-611DC15B078C}.Debug|Any CPU.Build.0 = Debug|Any CPU
		{23F90F49-0F60-488F-BE2D-611DC15B078C}.Release|Any CPU.ActiveCfg = Release|Any CPU
		{23F90F49-0F60-488F-BE2D-611DC15B078C}.Release|Any CPU.Build.0 = Release|Any CPU
		{69DC4036-C064-4CC5-9AD3-6E0762B3ECDE}.Debug|Any CPU.ActiveCfg = Debug|Any CPU
		{69DC4036-C064-4CC5-9AD3-6E0762B3ECDE}.Debug|Any CPU.Build.0 = Debug|Any CPU
		{69DC4036-C064-4CC5-9AD3-6E0762B3ECDE}.Release|Any CPU.ActiveCfg = Release|Any CPU
		{69DC4036-C064-4CC5-9AD3-6E0762B3ECDE}.Release|Any CPU.Build.0 = Release|Any CPU
	EndGlobalSection
	GlobalSection(SolutionProperties) = preSolution
		HideSolutionNode = FALSE
	EndGlobalSection
	GlobalSection(ExtensibilityGlobals) = postSolution
		SolutionGuid = {1B9FA89D-9B5F-4F35-AE94-BC261F76C5F8}
	EndGlobalSection
EndGlobal
